Microsoft Visual Studio Solution File, Format Version 12.00
# Visual Studio Version 17
VisualStudioVersion = 17.8.34322.80
MinimumVisualStudioVersion = 10.0.40219.1
Project("{9A19103F-16F7-4668-BE54-9A1E7A4F7556}") = "XmlConfigCompare", "XmlConfigCompare\XmlConfigCompare.csproj", "{B52377AA-5B56-441B-937E-A9F75B79B443}"
EndProject
Global
	GlobalSection(SolutionConfigurationPlatforms) = preSolution
		Debug|Any CPU = Debug|Any CPU
		Release|Any CPU = Release|Any CPU
	EndGlobalSection
	GlobalSection(ProjectConfigurationPlatforms) = postSolution
		{B52377AA-5B56-441B-937E-A9F75B79B443}.Debug|Any CPU.ActiveCfg = Debug|Any CPU
		{B52377AA-5B56-441B-937E-A9F75B79B443}.Debug|Any CPU.Build.0 = Debug|Any CPU
		{B52377AA-5B56-441B-937E-A9F75B79B443}.Release|Any CPU.ActiveCfg = Release|Any CPU
		{B52377AA-5B56-441B-937E-A9F75B79B443}.Release|Any CPU.Build.0 = Release|Any CPU
	EndGlobalSection
	GlobalSection(SolutionProperties) = preSolution
		HideSolutionNode = FALSE
	EndGlobalSection
	GlobalSection(ExtensibilityGlobals) = postSolution
		SolutionGuid = {A28D3E1C-27DD-48F8-91C9-70FE2A546D26}
	EndGlobalSection
EndGlobal
